// !$*UTF8*$!
{
	archiveVersion = 1;
	classes = {
	};
	objectVersion = 56;
	objects = {

/* Begin PBXBuildFile section */
		4065E5642B74DADF0052C921 /* MessiFootballApp.swift in Sources */ = {isa = PBXBuildFile; fileRef = 4065E5632B74DADF0052C921 /* MessiFootballApp.swift */; };
		4065E5662B74DADF0052C921 /* ContentView.swift in Sources */ = {isa = PBXBuildFile; fileRef = 4065E5652B74DADF0052C921 /* ContentView.swift */; };
		4065E5682B74DAE00052C921 /* Assets.xcassets in Resources */ = {isa = PBXBuildFile; fileRef = 4065E5672B74DAE00052C921 /* Assets.xcassets */; };
		4065E56B2B74DAE00052C921 /* Preview Assets.xcassets in Resources */ = {isa = PBXBuildFile; fileRef = 4065E56A2B74DAE00052C921 /* Preview Assets.xcassets */; };
		4065E5752B74DB110052C921 /* FootballManager.swift in Sources */ = {isa = PBXBuildFile; fileRef = 4065E5742B74DB110052C921 /* FootballManager.swift */; };
		4065E5772B74DB3B0052C921 /* Viewmodel.swift in Sources */ = {isa = PBXBuildFile; fileRef = 4065E5762B74DB3B0052C921 /* Viewmodel.swift */; };
		4065E57A2B74DB890052C921 /* Alamofire in Frameworks */ = {isa = PBXBuildFile; productRef = 4065E5792B74DB890052C921 /* Alamofire */; };
		4065E57D2B776FB00052C921 /* Kingfisher in Frameworks */ = {isa = PBXBuildFile; productRef = 4065E57C2B776FB00052C921 /* Kingfisher */; };
		4065E57F2B77A3980052C921 /* TeamArea.swift in Sources */ = {isa = PBXBuildFile; fileRef = 4065E57E2B77A3980052C921 /* TeamArea.swift */; };
		4065E5822B77AC2C0052C921 /* BaseUrl.swift in Sources */ = {isa = PBXBuildFile; fileRef = 4065E5812B77AC2C0052C921 /* BaseUrl.swift */; };
		4065E5842B77B00D0052C921 /* Launch Screen.storyboard in Resources */ = {isa = PBXBuildFile; fileRef = 4065E5832B77B00D0052C921 /* Launch Screen.storyboard */; };
		4065E5862B79F2BC0052C921 /* TabbView.swift in Sources */ = {isa = PBXBuildFile; fileRef = 4065E5852B79F2BC0052C921 /* TabbView.swift */; };
		4065E5882B79FB710052C921 /* PLStandings.swift in Sources */ = {isa = PBXBuildFile; fileRef = 4065E5872B79FB710052C921 /* PLStandings.swift */; };
		4065E58D2B7A027E0052C921 /* PlStandingsView.swift in Sources */ = {isa = PBXBuildFile; fileRef = 4065E58C2B7A027E0052C921 /* PlStandingsView.swift */; };
		4065E58F2B7A08090052C921 /* StandingTableCard.swift in Sources */ = {isa = PBXBuildFile; fileRef = 4065E58E2B7A08090052C921 /* StandingTableCard.swift */; };
/* End PBXBuildFile section */

/* Begin PBXFileReference section */
		4065E5602B74DADF0052C921 /* MessiFootball.app */ = {isa = PBXFileReference; explicitFileType = wrapper.application; includeInIndex = 0; path = MessiFootball.app; sourceTree = BUILT_PRODUCTS_DIR; };
		4065E5632B74DADF0052C921 /* MessiFootballApp.swift */ = {isa = PBXFileReference; lastKnownFileType = sourcecode.swift; path = MessiFootballApp.swift; sourceTree = "<group>"; };
		4065E5652B74DADF0052C921 /* ContentView.swift */ = {isa = PBXFileReference; lastKnownFileType = sourcecode.swift; path = ContentView.swift; sourceTree = "<group>"; };
		4065E5672B74DAE00052C921 /* Assets.xcassets */ = {isa = PBXFileReference; lastKnownFileType = folder.assetcatalog; path = Assets.xcassets; sourceTree = "<group>"; };
		4065E56A2B74DAE00052C921 /* Preview Assets.xcassets */ = {isa = PBXFileReference; lastKnownFileType = folder.assetcatalog; path = "Preview Assets.xcassets"; sourceTree = "<group>"; };
		4065E5742B74DB110052C921 /* FootballManager.swift */ = {isa = PBXFileReference; lastKnownFileType = sourcecode.swift; path = FootballManager.swift; sourceTree = "<group>"; };
		4065E5762B74DB3B0052C921 /* Viewmodel.swift */ = {isa = PBXFileReference; lastKnownFileType = sourcecode.swift; path = Viewmodel.swift; sourceTree = "<group>"; };
		4065E57E2B77A3980052C921 /* TeamArea.swift */ = {isa = PBXFileReference; lastKnownFileType = sourcecode.swift; path = TeamArea.swift; sourceTree = "<group>"; };
		4065E5812B77AC2C0052C921 /* BaseUrl.swift */ = {isa = PBXFileReference; lastKnownFileType = sourcecode.swift; path = BaseUrl.swift; sourceTree = "<group>"; };
		4065E5832B77B00D0052C921 /* Launch Screen.storyboard */ = {isa = PBXFileReference; lastKnownFileType = file.storyboard; path = "Launch Screen.storyboard"; sourceTree = "<group>"; };
		4065E5852B79F2BC0052C921 /* TabbView.swift */ = {isa = PBXFileReference; lastKnownFileType = sourcecode.swift; path = TabbView.swift; sourceTree = "<group>"; };
		4065E5872B79FB710052C921 /* PLStandings.swift */ = {isa = PBXFileReference; lastKnownFileType = sourcecode.swift; path = PLStandings.swift; sourceTree = "<group>"; };
		4065E58C2B7A027E0052C921 /* PlStandingsView.swift */ = {isa = PBXFileReference; lastKnownFileType = sourcecode.swift; path = PlStandingsView.swift; sourceTree = "<group>"; };
		4065E58E2B7A08090052C921 /* StandingTableCard.swift */ = {isa = PBXFileReference; lastKnownFileType = sourcecode.swift; path = StandingTableCard.swift; sourceTree = "<group>"; };
/* End PBXFileReference section */

/* Begin PBXFrameworksBuildPhase section */
		4065E55D2B74DADF0052C921 /* Frameworks */ = {
			isa = PBXFrameworksBuildPhase;
			buildActionMask = 2147483647;
			files = (
				4065E57D2B776FB00052C921 /* Kingfisher in Frameworks */,
				4065E57A2B74DB890052C921 /* Alamofire in Frameworks */,
			);
			runOnlyForDeploymentPostprocessing = 0;
		};
/* End PBXFrameworksBuildPhase section */

/* Begin PBXGroup section */
		4065E5572B74DADF0052C921 = {
			isa = PBXGroup;
			children = (
				4065E5832B77B00D0052C921 /* Launch Screen.storyboard */,
				4065E5622B74DADF0052C921 /* MessiFootball */,
				4065E5612B74DADF0052C921 /* Products */,
			);
			sourceTree = "<group>";
		};
		4065E5612B74DADF0052C921 /* Products */ = {
			isa = PBXGroup;
			children = (
				4065E5602B74DADF0052C921 /* MessiFootball.app */,
			);
			name = Products;
			sourceTree = "<group>";
		};
		4065E5622B74DADF0052C921 /* MessiFootball */ = {
			isa = PBXGroup;
			children = (
				4065E5632B74DADF0052C921 /* MessiFootballApp.swift */,
				4065E5802B77AC160052C921 /* Utilities */,
				4065E5732B74DAFB0052C921 /* Model */,
				4065E5722B74DAF50052C921 /* View */,
				4065E5712B74DAEE0052C921 /* ViewModel */,
				4065E5672B74DAE00052C921 /* Assets.xcassets */,
				4065E5692B74DAE00052C921 /* Preview Content */,
			);
			path = MessiFootball;
			sourceTree = "<group>";
		};
		4065E5692B74DAE00052C921 /* Preview Content */ = {
			isa = PBXGroup;
			children = (
				4065E56A2B74DAE00052C921 /* Preview Assets.xcassets */,
			);
			path = "Preview Content";
			sourceTree = "<group>";
		};
		4065E5712B74DAEE0052C921 /* ViewModel */ = {
			isa = PBXGroup;
			children = (
				4065E5762B74DB3B0052C921 /* Viewmodel.swift */,
			);
			path = ViewModel;
			sourceTree = "<group>";
		};
		4065E5722B74DAF50052C921 /* View */ = {
			isa = PBXGroup;
			children = (
				4065E5652B74DADF0052C921 /* ContentView.swift */,
				4065E57E2B77A3980052C921 /* TeamArea.swift */,
				4065E5852B79F2BC0052C921 /* TabbView.swift */,
				4065E58C2B7A027E0052C921 /* PlStandingsView.swift */,
				4065E58E2B7A08090052C921 /* StandingTableCard.swift */,
			);
			path = View;
			sourceTree = "<group>";
		};
		4065E5732B74DAFB0052C921 /* Model */ = {
			isa = PBXGroup;
			children = (
				4065E5742B74DB110052C921 /* FootballManager.swift */,
				4065E5872B79FB710052C921 /* PLStandings.swift */,
			);
			path = Model;
			sourceTree = "<group>";
		};
		4065E5802B77AC160052C921 /* Utilities */ = {
			isa = PBXGroup;
			children = (
				4065E5812B77AC2C0052C921 /* BaseUrl.swift */,
			);
			path = Utilities;
			sourceTree = "<group>";
		};
/* End PBXGroup section */

/* Begin PBXNativeTarget section */
		4065E55F2B74DADF0052C921 /* MessiFootball */ = {
			isa = PBXNativeTarget;
			buildConfigurationList = 4065E56E2B74DAE00052C921 /* Build configuration list for PBXNativeTarget "MessiFootball" */;
			buildPhases = (
				4065E55C2B74DADF0052C921 /* Sources */,
				4065E55D2B74DADF0052C921 /* Frameworks */,
				4065E55E2B74DADF0052C921 /* Resources */,
			);
			buildRules = (
			);
			dependencies = (
			);
			name = MessiFootball;
			packageProductDependencies = (
				4065E5792B74DB890052C921 /* Alamofire */,
				4065E57C2B776FB00052C921 /* Kingfisher */,
			);
			productName = MessiFootball;
			productReference = 4065E5602B74DADF0052C921 /* MessiFootball.app */;
			productType = "com.apple.product-type.application";
		};
/* End PBXNativeTarget section */

/* Begin PBXProject section */
		4065E5582B74DADF0052C921 /* Project object */ = {
			isa = PBXProject;
			attributes = {
				BuildIndependentTargetsInParallel = 1;
				LastSwiftUpdateCheck = 1520;
				LastUpgradeCheck = 1520;
				TargetAttributes = {
					4065E55F2B74DADF0052C921 = {
						CreatedOnToolsVersion = 15.2;
					};
				};
			};
			buildConfigurationList = 4065E55B2B74DADF0052C921 /* Build configuration list for PBXProject "MessiFootball" */;
			compatibilityVersion = "Xcode 14.0";
			developmentRegion = en;
			hasScannedForEncodings = 0;
			knownRegions = (
				en,
				Base,
			);
			mainGroup = 4065E5572B74DADF0052C921;
			packageReferences = (
				4065E5782B74DB890052C921 /* XCRemoteSwiftPackageReference "Alamofire" */,
				4065E57B2B776FB00052C921 /* XCRemoteSwiftPackageReference "Kingfisher" */,
			);
			productRefGroup = 4065E5612B74DADF0052C921 /* Products */;
			projectDirPath = "";
			projectRoot = "";
			targets = (
				4065E55F2B74DADF0052C921 /* MessiFootball */,
			);
		};
/* End PBXProject section */

/* Begin PBXResourcesBuildPhase section */
		4065E55E2B74DADF0052C921 /* Resources */ = {
			isa = PBXResourcesBuildPhase;
			buildActionMask = 2147483647;
			files = (
				4065E5842B77B00D0052C921 /* Launch Screen.storyboard in Resources */,
				4065E56B2B74DAE00052C921 /* Preview Assets.xcassets in Resources */,
				4065E5682B74DAE00052C921 /* Assets.xcassets in Resources */,
			);
			runOnlyForDeploymentPostprocessing = 0;
		};
/* End PBXResourcesBuildPhase section */

/* Begin PBXSourcesBuildPhase section */
		4065E55C2B74DADF0052C921 /* Sources */ = {
			isa = PBXSourcesBuildPhase;
			buildActionMask = 2147483647;
			files = (
				4065E57F2B77A3980052C921 /* TeamArea.swift in Sources */,
				4065E5752B74DB110052C921 /* FootballManager.swift in Sources */,
				4065E5662B74DADF0052C921 /* ContentView.swift in Sources */,
				4065E5882B79FB710052C921 /* PLStandings.swift in Sources */,
				4065E58F2B7A08090052C921 /* StandingTableCard.swift in Sources */,
				4065E5772B74DB3B0052C921 /* Viewmodel.swift in Sources */,
				4065E5862B79F2BC0052C921 /* TabbView.swift in Sources */,
				4065E58D2B7A027E0052C921 /* PlStandingsView.swift in Sources */,
				4065E5822B77AC2C0052C921 /* BaseUrl.swift in Sources */,
				4065E5642B74DADF0052C921 /* MessiFootballApp.swift in Sources */,
			);
			runOnlyForDeploymentPostprocessing = 0;
		};
/* End PBXSourcesBuildPhase section */

/* Begin XCBuildConfiguration section */
		4065E56C2B74DAE00052C921 /* Debug */ = {
			isa = XCBuildConfiguration;
			buildSettings = {
				ALWAYS_SEARCH_USER_PATHS = NO;
				ASSETCATALOG_COMPILER_GENERATE_SWIFT_ASSET_SYMBOL_EXTENSIONS = YES;
				CLANG_ANALYZER_NONNULL = YES;
				CLANG_ANALYZER_NUMBER_OBJECT_CONVERSION = YES_AGGRESSIVE;
				CLANG_CXX_LANGUAGE_STANDARD = "gnu++20";
				CLANG_ENABLE_MODULES = YES;
				CLANG_ENABLE_OBJC_ARC = YES;
				CLANG_ENABLE_OBJC_WEAK = YES;
				CLANG_WARN_BLOCK_CAPTURE_AUTORELEASING = YES;
				CLANG_WARN_BOOL_CONVERSION = YES;
				CLANG_WARN_COMMA = YES;
				CLANG_WARN_CONSTANT_CONVERSION = YES;
				CLANG_WARN_DEPRECATED_OBJC_IMPLEMENTATIONS = YES;
				CLANG_WARN_DIRECT_OBJC_ISA_USAGE = YES_ERROR;
				CLANG_WARN_DOCUMENTATION_COMMENTS = YES;
				CLANG_WARN_EMPTY_BODY = YES;
				CLANG_WARN_ENUM_CONVERSION = YES;
				CLANG_WARN_INFINITE_RECURSION = YES;
				CLANG_WARN_INT_CONVERSION = YES;
				CLANG_WARN_NON_LITERAL_NULL_CONVERSION = YES;
				CLANG_WARN_OBJC_IMPLICIT_RETAIN_SELF = YES;
				CLANG_WARN_OBJC_LITERAL_CONVERSION = YES;
				CLANG_WARN_OBJC_ROOT_CLASS = YES_ERROR;
				CLANG_WARN_QUOTED_INCLUDE_IN_FRAMEWORK_HEADER = YES;
				CLANG_WARN_RANGE_LOOP_ANALYSIS = YES;
				CLANG_WARN_STRICT_PROTOTYPES = YES;
				CLANG_WARN_SUSPICIOUS_MOVE = YES;
				CLANG_WARN_UNGUARDED_AVAILABILITY = YES_AGGRESSIVE;
				CLANG_WARN_UNREACHABLE_CODE = YES;
				CLANG_WARN__DUPLICATE_METHOD_MATCH = YES;
				COPY_PHASE_STRIP = NO;
				DEBUG_INFORMATION_FORMAT = dwarf;
				ENABLE_STRICT_OBJC_MSGSEND = YES;
				ENABLE_TESTABILITY = YES;
				ENABLE_USER_SCRIPT_SANDBOXING = YES;
				GCC_C_LANGUAGE_STANDARD = gnu17;
				GCC_DYNAMIC_NO_PIC = NO;
				GCC_NO_COMMON_BLOCKS = YES;
				GCC_OPTIMIZATION_LEVEL = 0;
				GCC_PREPROCESSOR_DEFINITIONS = (
					"DEBUG=1",
					"$(inherited)",
				);
				GCC_WARN_64_TO_32_BIT_CONVERSION = YES;
				GCC_WARN_ABOUT_RETURN_TYPE = YES_ERROR;
				GCC_WARN_UNDECLARED_SELECTOR = YES;
				GCC_WARN_UNINITIALIZED_AUTOS = YES_AGGRESSIVE;
				GCC_WARN_UNUSED_FUNCTION = YES;
				GCC_WARN_UNUSED_VARIABLE = YES;
				IPHONEOS_DEPLOYMENT_TARGET = 17.2;
				LOCALIZATION_PREFERS_STRING_CATALOGS = YES;
				MTL_ENABLE_DEBUG_INFO = INCLUDE_SOURCE;
				MTL_FAST_MATH = YES;
				ONLY_ACTIVE_ARCH = YES;
				SDKROOT = iphoneos;
				SWIFT_ACTIVE_COMPILATION_CONDITIONS = "DEBUG $(inherited)";
				SWIFT_OPTIMIZATION_LEVEL = "-Onone";
			};
			name = Debug;
		};
		4065E56D2B74DAE00052C921 /* Release */ = {
			isa = XCBuildConfiguration;
			buildSettings = {
				ALWAYS_SEARCH_USER_PATHS = NO;
				ASSETCATALOG_COMPILER_GENERATE_SWIFT_ASSET_SYMBOL_EXTENSIONS = YES;
				CLANG_ANALYZER_NONNULL = YES;
				CLANG_ANALYZER_NUMBER_OBJECT_CONVERSION = YES_AGGRESSIVE;
				CLANG_CXX_LANGUAGE_STANDARD = "gnu++20";
				CLANG_ENABLE_MODULES = YES;
				CLANG_ENABLE_OBJC_ARC = YES;
				CLANG_ENABLE_OBJC_WEAK = YES;
				CLANG_WARN_BLOCK_CAPTURE_AUTORELEASING = YES;
				CLANG_WARN_BOOL_CONVERSION = YES;
				CLANG_WARN_COMMA = YES;
				CLANG_WARN_CONSTANT_CONVERSION = YES;
				CLANG_WARN_DEPRECATED_OBJC_IMPLEMENTATIONS = YES;
				CLANG_WARN_DIRECT_OBJC_ISA_USAGE = YES_ERROR;
				CLANG_WARN_DOCUMENTATION_COMMENTS = YES;
				CLANG_WARN_EMPTY_BODY = YES;
				CLANG_WARN_ENUM_CONVERSION = YES;
				CLANG_WARN_INFINITE_RECURSION = YES;
				CLANG_WARN_INT_CONVERSION = YES;
				CLANG_WARN_NON_LITERAL_NULL_CONVERSION = YES;
				CLANG_WARN_OBJC_IMPLICIT_RETAIN_SELF = YES;
				CLANG_WARN_OBJC_LITERAL_CONVERSION = YES;
				CLANG_WARN_OBJC_ROOT_CLASS = YES_ERROR;
				CLANG_WARN_QUOTED_INCLUDE_IN_FRAMEWORK_HEADER = YES;
				CLANG_WARN_RANGE_LOOP_ANALYSIS = YES;
				CLANG_WARN_STRICT_PROTOTYPES = YES;
				CLANG_WARN_SUSPICIOUS_MOVE = YES;
				CLANG_WARN_UNGUARDED_AVAILABILITY = YES_AGGRESSIVE;
				CLANG_WARN_UNREACHABLE_CODE = YES;
				CLANG_WARN__DUPLICATE_METHOD_MATCH = YES;
				COPY_PHASE_STRIP = NO;
				DEBUG_INFORMATION_FORMAT = "dwarf-with-dsym";
				ENABLE_NS_ASSERTIONS = NO;
				ENABLE_STRICT_OBJC_MSGSEND = YES;
				ENABLE_USER_SCRIPT_SANDBOXING = YES;
				GCC_C_LANGUAGE_STANDARD = gnu17;
				GCC_NO_COMMON_BLOCKS = YES;
				GCC_WARN_64_TO_32_BIT_CONVERSION = YES;
				GCC_WARN_ABOUT_RETURN_TYPE = YES_ERROR;
				GCC_WARN_UNDECLARED_SELECTOR = YES;
				GCC_WARN_UNINITIALIZED_AUTOS = YES_AGGRESSIVE;
				GCC_WARN_UNUSED_FUNCTION = YES;
				GCC_WARN_UNUSED_VARIABLE = YES;
				IPHONEOS_DEPLOYMENT_TARGET = 17.2;
				LOCALIZATION_PREFERS_STRING_CATALOGS = YES;
				MTL_ENABLE_DEBUG_INFO = NO;
				MTL_FAST_MATH = YES;
				SDKROOT = iphoneos;
				SWIFT_COMPILATION_MODE = wholemodule;
				VALIDATE_PRODUCT = YES;
			};
			name = Release;
		};
		4065E56F2B74DAE00052C921 /* Debug */ = {
			isa = XCBuildConfiguration;
			buildSettings = {
				ASSETCATALOG_COMPILER_APPICON_NAME = AppIcon;
				ASSETCATALOG_COMPILER_GLOBAL_ACCENT_COLOR_NAME = AccentColor;
				CODE_SIGN_STYLE = Automatic;
				CURRENT_PROJECT_VERSION = 1;
				DEVELOPMENT_ASSET_PATHS = "\"MessiFootball/Preview Content\"";
				DEVELOPMENT_TEAM = 9GXM525799;
				ENABLE_PREVIEWS = YES;
				GENERATE_INFOPLIST_FILE = YES;
				INFOPLIST_KEY_UIApplicationSceneManifest_Generation = YES;
				INFOPLIST_KEY_UIApplicationSupportsIndirectInputEvents = YES;
				INFOPLIST_KEY_UILaunchScreen_Generation = YES;
				INFOPLIST_KEY_UILaunchStoryboardName = "Launch Screen.storyboard";
				INFOPLIST_KEY_UISupportedInterfaceOrientations_iPad = "UIInterfaceOrientationPortrait UIInterfaceOrientationPortraitUpsideDown UIInterfaceOrientationLandscapeLeft UIInterfaceOrientationLandscapeRight";
				INFOPLIST_KEY_UISupportedInterfaceOrientations_iPhone = "UIInterfaceOrientationPortrait UIInterfaceOrientationLandscapeLeft UIInterfaceOrientationLandscapeRight";
				LD_RUNPATH_SEARCH_PATHS = (
					"$(inherited)",
					"@executable_path/Frameworks",
				);
				MARKETING_VERSION = 1.0;
				PRODUCT_BUNDLE_IDENTIFIER = dev.new.MessiFootball;
				PRODUCT_NAME = "$(TARGET_NAME)";
				SWIFT_EMIT_LOC_STRINGS = YES;
				SWIFT_VERSION = 5.0;
				TARGETED_DEVICE_FAMILY = "1,2";
			};
			name = Debug;
		};
		4065E5702B74DAE00052C921 /* Release */ = {
			isa = XCBuildConfiguration;
			buildSettings = {
				ASSETCATALOG_COMPILER_APPICON_NAME = AppIcon;
				ASSETCATALOG_COMPILER_GLOBAL_ACCENT_COLOR_NAME = AccentColor;
				CODE_SIGN_STYLE = Automatic;
				CURRENT_PROJECT_VERSION = 1;
				DEVELOPMENT_ASSET_PATHS = "\"MessiFootball/Preview Content\"";
				DEVELOPMENT_TEAM = 9GXM525799;
				ENABLE_PREVIEWS = YES;
				GENERATE_INFOPLIST_FILE = YES;
				INFOPLIST_KEY_UIApplicationSceneManifest_Generation = YES;
				INFOPLIST_KEY_UIApplicationSupportsIndirectInputEvents = YES;
				INFOPLIST_KEY_UILaunchScreen_Generation = YES;
				INFOPLIST_KEY_UILaunchStoryboardName = "Launch Screen.storyboard";
				INFOPLIST_KEY_UISupportedInterfaceOrientations_iPad = "UIInterfaceOrientationPortrait UIInterfaceOrientationPortraitUpsideDown UIInterfaceOrientationLandscapeLeft UIInterfaceOrientationLandscapeRight";
				INFOPLIST_KEY_UISupportedInterfaceOrientations_iPhone = "UIInterfaceOrientationPortrait UIInterfaceOrientationLandscapeLeft UIInterfaceOrientationLandscapeRight";
				LD_RUNPATH_SEARCH_PATHS = (
					"$(inherited)",
					"@executable_path/Frameworks",
				);
				MARKETING_VERSION = 1.0;
				PRODUCT_BUNDLE_IDENTIFIER = dev.new.MessiFootball;
				PRODUCT_NAME = "$(TARGET_NAME)";
				SWIFT_EMIT_LOC_STRINGS = YES;
				SWIFT_VERSION = 5.0;
				TARGETED_DEVICE_FAMILY = "1,2";
			};
			name = Release;
		};
/* End XCBuildConfiguration section */

/* Begin XCConfigurationList section */
		4065E55B2B74DADF0052C921 /* Build configuration list for PBXProject "MessiFootball" */ = {
			isa = XCConfigurationList;
			buildConfigurations = (
				4065E56C2B74DAE00052C921 /* Debug */,
				4065E56D2B74DAE00052C921 /* Release */,
			);
			defaultConfigurationIsVisible = 0;
			defaultConfigurationName = Release;
		};
		4065E56E2B74DAE00052C921 /* Build configuration list for PBXNativeTarget "MessiFootball" */ = {
			isa = XCConfigurationList;
			buildConfigurations = (
				4065E56F2B74DAE00052C921 /* Debug */,
				4065E5702B74DAE00052C921 /* Release */,
			);
			defaultConfigurationIsVisible = 0;
			defaultConfigurationName = Release;
		};
/* End XCConfigurationList section */

/* Begin XCRemoteSwiftPackageReference section */
		4065E5782B74DB890052C921 /* XCRemoteSwiftPackageReference "Alamofire" */ = {
			isa = XCRemoteSwiftPackageReference;
			repositoryURL = "https://github.com/Alamofire/Alamofire";
			requirement = {
				kind = upToNextMajorVersion;
				minimumVersion = 5.8.1;
			};
		};
		4065E57B2B776FB00052C921 /* XCRemoteSwiftPackageReference "Kingfisher" */ = {
			isa = XCRemoteSwiftPackageReference;
			repositoryURL = "https://github.com/onevcat/Kingfisher";
			requirement = {
				kind = upToNextMajorVersion;
				minimumVersion = 7.10.2;
			};
		};
/* End XCRemoteSwiftPackageReference section */

/* Begin XCSwiftPackageProductDependency section */
		4065E5792B74DB890052C921 /* Alamofire */ = {
			isa = XCSwiftPackageProductDependency;
			package = 4065E5782B74DB890052C921 /* XCRemoteSwiftPackageReference "Alamofire" */;
			productName = Alamofire;
		};
		4065E57C2B776FB00052C921 /* Kingfisher */ = {
			isa = XCSwiftPackageProductDependency;
			package = 4065E57B2B776FB00052C921 /* XCRemoteSwiftPackageReference "Kingfisher" */;
			productName = Kingfisher;
		};
/* End XCSwiftPackageProductDependency section */
	};
	rootObject = 4065E5582B74DADF0052C921 /* Project object */;
}
